// !$*UTF8*$!
{
	archiveVersion = 1;
	classes = {
	};
	objectVersion = 50;
	objects = {

/* Begin PBXBuildFile section */
		7D6249B320AA3DD6005CB1EF /* Player.swift in Sources */ = {isa = PBXBuildFile; fileRef = 7D6249B220AA3DD6005CB1EF /* Player.swift */; };
		7D6249B520AA3EE6005CB1EF /* Banker.swift in Sources */ = {isa = PBXBuildFile; fileRef = 7D6249B420AA3EE6005CB1EF /* Banker.swift */; };
		7D6249B720AA3FAD005CB1EF /* Player Controller.swift in Sources */ = {isa = PBXBuildFile; fileRef = 7D6249B620AA3FAD005CB1EF /* Player Controller.swift */; };
		7D6249B920AA3FB5005CB1EF /* Banker Controller.swift in Sources */ = {isa = PBXBuildFile; fileRef = 7D6249B820AA3FB5005CB1EF /* Banker Controller.swift */; };
		7D6249BB20AA42EC005CB1EF /* DataManager.swift in Sources */ = {isa = PBXBuildFile; fileRef = 7D6249BA20AA42EC005CB1EF /* DataManager.swift */; };
		7DB1B0D620A9E84F0086CC3A /* AppDelegate.swift in Sources */ = {isa = PBXBuildFile; fileRef = 7DB1B0D520A9E84F0086CC3A /* AppDelegate.swift */; };
		7DB1B0DB20A9E84F0086CC3A /* HomeScreen.storyboard in Resources */ = {isa = PBXBuildFile; fileRef = 7DB1B0D920A9E84F0086CC3A /* HomeScreen.storyboard */; };
		7DB1B0DD20A9E8520086CC3A /* Assets.xcassets in Resources */ = {isa = PBXBuildFile; fileRef = 7DB1B0DC20A9E8520086CC3A /* Assets.xcassets */; };
		7DB1B0E020A9E8520086CC3A /* LaunchScreen.storyboard in Resources */ = {isa = PBXBuildFile; fileRef = 7DB1B0DE20A9E8520086CC3A /* LaunchScreen.storyboard */; };
		9DB8396D20AA1E540035C0C0 /* BankDetailVC.storyboard in Resources */ = {isa = PBXBuildFile; fileRef = 9DB8396B20AA1E540035C0C0 /* BankDetailVC.storyboard */; };
		9DB8396F20AA20610035C0C0 /* PlayerDetailVC.storyboard in Resources */ = {isa = PBXBuildFile; fileRef = 9DB8396E20AA20610035C0C0 /* PlayerDetailVC.storyboard */; };
		9DB8397A20AA34DC0035C0C0 /* HomeScreenViewController.swift in Sources */ = {isa = PBXBuildFile; fileRef = 9DB8397920AA34DC0035C0C0 /* HomeScreenViewController.swift */; };
		F750B0E420AA2CB400650634 /* PlayerDetailViewController.swift in Sources */ = {isa = PBXBuildFile; fileRef = F750B0E320AA2CB400650634 /* PlayerDetailViewController.swift */; };
		F750B0E620AA2F5B00650634 /* BankDetailViewController.swift in Sources */ = {isa = PBXBuildFile; fileRef = F750B0E520AA2F5B00650634 /* BankDetailViewController.swift */; };
/* End PBXBuildFile section */

/* Begin PBXFileReference section */
		7D6249B220AA3DD6005CB1EF /* Player.swift */ = {isa = PBXFileReference; lastKnownFileType = sourcecode.swift; path = Player.swift; sourceTree = "<group>"; };
		7D6249B420AA3EE6005CB1EF /* Banker.swift */ = {isa = PBXFileReference; lastKnownFileType = sourcecode.swift; path = Banker.swift; sourceTree = "<group>"; };
		7D6249B620AA3FAD005CB1EF /* Player Controller.swift */ = {isa = PBXFileReference; lastKnownFileType = sourcecode.swift; path = "Player Controller.swift"; sourceTree = "<group>"; };
		7D6249B820AA3FB5005CB1EF /* Banker Controller.swift */ = {isa = PBXFileReference; lastKnownFileType = sourcecode.swift; path = "Banker Controller.swift"; sourceTree = "<group>"; };
		7D6249BA20AA42EC005CB1EF /* DataManager.swift */ = {isa = PBXFileReference; lastKnownFileType = sourcecode.swift; path = DataManager.swift; sourceTree = "<group>"; };
		7DB1B0D220A9E84F0086CC3A /* BoardBuddy.app */ = {isa = PBXFileReference; explicitFileType = wrapper.application; includeInIndex = 0; path = BoardBuddy.app; sourceTree = BUILT_PRODUCTS_DIR; };
		7DB1B0D520A9E84F0086CC3A /* AppDelegate.swift */ = {isa = PBXFileReference; lastKnownFileType = sourcecode.swift; path = AppDelegate.swift; sourceTree = "<group>"; };
		7DB1B0DA20A9E84F0086CC3A /* Base */ = {isa = PBXFileReference; lastKnownFileType = file.storyboard; name = Base; path = Base.lproj/HomeScreen.storyboard; sourceTree = "<group>"; };
		7DB1B0DC20A9E8520086CC3A /* Assets.xcassets */ = {isa = PBXFileReference; lastKnownFileType = folder.assetcatalog; path = Assets.xcassets; sourceTree = "<group>"; };
		7DB1B0DF20A9E8520086CC3A /* Base */ = {isa = PBXFileReference; lastKnownFileType = file.storyboard; name = Base; path = Base.lproj/LaunchScreen.storyboard; sourceTree = "<group>"; };
		7DB1B0E120A9E8520086CC3A /* Info.plist */ = {isa = PBXFileReference; lastKnownFileType = text.plist.xml; path = Info.plist; sourceTree = "<group>"; };
		9DB8396C20AA1E540035C0C0 /* Base */ = {isa = PBXFileReference; lastKnownFileType = file.storyboard; name = Base; path = Resources/Base.lproj/BankDetailVC.storyboard; sourceTree = "<group>"; };
		9DB8396E20AA20610035C0C0 /* PlayerDetailVC.storyboard */ = {isa = PBXFileReference; fileEncoding = 4; lastKnownFileType = file.storyboard; path = PlayerDetailVC.storyboard; sourceTree = "<group>"; };
		9DB8397920AA34DC0035C0C0 /* HomeScreenViewController.swift */ = {isa = PBXFileReference; fileEncoding = 4; lastKnownFileType = sourcecode.swift; path = HomeScreenViewController.swift; sourceTree = "<group>"; };
		F750B0E320AA2CB400650634 /* PlayerDetailViewController.swift */ = {isa = PBXFileReference; lastKnownFileType = sourcecode.swift; path = PlayerDetailViewController.swift; sourceTree = "<group>"; };
		F750B0E520AA2F5B00650634 /* BankDetailViewController.swift */ = {isa = PBXFileReference; lastKnownFileType = sourcecode.swift; path = BankDetailViewController.swift; sourceTree = "<group>"; };
/* End PBXFileReference section */

/* Begin PBXFrameworksBuildPhase section */
		7DB1B0CF20A9E84F0086CC3A /* Frameworks */ = {
			isa = PBXFrameworksBuildPhase;
			buildActionMask = 2147483647;
			files = (
			);
			runOnlyForDeploymentPostprocessing = 0;
		};
/* End PBXFrameworksBuildPhase section */

/* Begin PBXGroup section */
		7DB1B0C920A9E84F0086CC3A = {
			isa = PBXGroup;
			children = (
				7DB1B0D420A9E84F0086CC3A /* BoardBuddy */,
				7DB1B0D320A9E84F0086CC3A /* Products */,
			);
			sourceTree = "<group>";
		};
		7DB1B0D320A9E84F0086CC3A /* Products */ = {
			isa = PBXGroup;
			children = (
				7DB1B0D220A9E84F0086CC3A /* BoardBuddy.app */,
			);
			name = Products;
			sourceTree = "<group>";
		};
		7DB1B0D420A9E84F0086CC3A /* BoardBuddy */ = {
			isa = PBXGroup;
			children = (
				9DB8396620AA1ADF0035C0C0 /* Models */,
				9DB8396720AA1AE60035C0C0 /* ModelControllers */,
				9DB8396820AA1AFA0035C0C0 /* ViewControllers */,
				9DB8397020AA21900035C0C0 /* Views */,
				9DB8396E20AA20610035C0C0 /* PlayerDetailVC.storyboard */,
				9DB8396A20AA1B1B0035C0C0 /* Resources */,
			);
			path = BoardBuddy;
			sourceTree = "<group>";
		};
		9DB8396620AA1ADF0035C0C0 /* Models */ = {
			isa = PBXGroup;
			children = (
				7D6249B220AA3DD6005CB1EF /* Player.swift */,
				7D6249B420AA3EE6005CB1EF /* Banker.swift */,
				7D6249BA20AA42EC005CB1EF /* DataManager.swift */,
			);
			path = Models;
			sourceTree = "<group>";
		};
		9DB8396720AA1AE60035C0C0 /* ModelControllers */ = {
			isa = PBXGroup;
			children = (
				7D6249B620AA3FAD005CB1EF /* Player Controller.swift */,
				7D6249B820AA3FB5005CB1EF /* Banker Controller.swift */,
			);
			path = ModelControllers;
			sourceTree = "<group>";
		};
		9DB8396820AA1AFA0035C0C0 /* ViewControllers */ = {
			isa = PBXGroup;
			children = (
				9DB8397920AA34DC0035C0C0 /* HomeScreenViewController.swift */,
				F750B0E320AA2CB400650634 /* PlayerDetailViewController.swift */,
				F750B0E520AA2F5B00650634 /* BankDetailViewController.swift */,
			);
			path = ViewControllers;
			sourceTree = "<group>";
		};
		9DB8396A20AA1B1B0035C0C0 /* Resources */ = {
			isa = PBXGroup;
			children = (
				7DB1B0DE20A9E8520086CC3A /* LaunchScreen.storyboard */,
				7DB1B0D520A9E84F0086CC3A /* AppDelegate.swift */,
				7DB1B0DC20A9E8520086CC3A /* Assets.xcassets */,
				7DB1B0E120A9E8520086CC3A /* Info.plist */,
			);
			path = Resources;
			sourceTree = "<group>";
		};
		9DB8397020AA21900035C0C0 /* Views */ = {
			isa = PBXGroup;
			children = (
				7DB1B0D920A9E84F0086CC3A /* HomeScreen.storyboard */,
				9DB8396B20AA1E540035C0C0 /* BankDetailVC.storyboard */,
			);
			path = Views;
			sourceTree = "<group>";
		};
/* End PBXGroup section */

/* Begin PBXNativeTarget section */
		7DB1B0D120A9E84F0086CC3A /* BoardBuddy */ = {
			isa = PBXNativeTarget;
			buildConfigurationList = 7DB1B0E420A9E8520086CC3A /* Build configuration list for PBXNativeTarget "BoardBuddy" */;
			buildPhases = (
				7DB1B0CE20A9E84F0086CC3A /* Sources */,
				7DB1B0CF20A9E84F0086CC3A /* Frameworks */,
				7DB1B0D020A9E84F0086CC3A /* Resources */,
			);
			buildRules = (
			);
			dependencies = (
			);
			name = BoardBuddy;
			productName = BoardBuddy;
			productReference = 7DB1B0D220A9E84F0086CC3A /* BoardBuddy.app */;
			productType = "com.apple.product-type.application";
		};
/* End PBXNativeTarget section */

/* Begin PBXProject section */
		7DB1B0CA20A9E84F0086CC3A /* Project object */ = {
			isa = PBXProject;
			attributes = {
				LastSwiftUpdateCheck = 0930;
				LastUpgradeCheck = 0930;
				ORGANIZATIONNAME = "Francisco Diarte";
				TargetAttributes = {
					7DB1B0D120A9E84F0086CC3A = {
						CreatedOnToolsVersion = 9.3.1;
					};
				};
			};
			buildConfigurationList = 7DB1B0CD20A9E84F0086CC3A /* Build configuration list for PBXProject "BoardBuddy" */;
			compatibilityVersion = "Xcode 9.3";
			developmentRegion = en;
			hasScannedForEncodings = 0;
			knownRegions = (
				en,
				Base,
			);
			mainGroup = 7DB1B0C920A9E84F0086CC3A;
			productRefGroup = 7DB1B0D320A9E84F0086CC3A /* Products */;
			projectDirPath = "";
			projectRoot = "";
			targets = (
				7DB1B0D120A9E84F0086CC3A /* BoardBuddy */,
			);
		};
/* End PBXProject section */

/* Begin PBXResourcesBuildPhase section */
		7DB1B0D020A9E84F0086CC3A /* Resources */ = {
			isa = PBXResourcesBuildPhase;
			buildActionMask = 2147483647;
			files = (
				7DB1B0E020A9E8520086CC3A /* LaunchScreen.storyboard in Resources */,
				7DB1B0DD20A9E8520086CC3A /* Assets.xcassets in Resources */,
				9DB8396F20AA20610035C0C0 /* PlayerDetailVC.storyboard in Resources */,
				9DB8396D20AA1E540035C0C0 /* BankDetailVC.storyboard in Resources */,
				7DB1B0DB20A9E84F0086CC3A /* HomeScreen.storyboard in Resources */,
			);
			runOnlyForDeploymentPostprocessing = 0;
		};
/* End PBXResourcesBuildPhase section */

/* Begin PBXSourcesBuildPhase section */
		7DB1B0CE20A9E84F0086CC3A /* Sources */ = {
			isa = PBXSourcesBuildPhase;
			buildActionMask = 2147483647;
			files = (
				7D6249B920AA3FB5005CB1EF /* Banker Controller.swift in Sources */,
				7D6249B720AA3FAD005CB1EF /* Player Controller.swift in Sources */,
				7D6249B520AA3EE6005CB1EF /* Banker.swift in Sources */,
				F750B0E620AA2F5B00650634 /* BankDetailViewController.swift in Sources */,
				F750B0E420AA2CB400650634 /* PlayerDetailViewController.swift in Sources */,
				7D6249B320AA3DD6005CB1EF /* Player.swift in Sources */,
				7D6249BB20AA42EC005CB1EF /* DataManager.swift in Sources */,
				7DB1B0D620A9E84F0086CC3A /* AppDelegate.swift in Sources */,
				9DB8397A20AA34DC0035C0C0 /* HomeScreenViewController.swift in Sources */,
			);
			runOnlyForDeploymentPostprocessing = 0;
		};
/* End PBXSourcesBuildPhase section */

/* Begin PBXVariantGroup section */
		7DB1B0D920A9E84F0086CC3A /* HomeScreen.storyboard */ = {
			isa = PBXVariantGroup;
			children = (
				7DB1B0DA20A9E84F0086CC3A /* Base */,
			);
			name = HomeScreen.storyboard;
			sourceTree = "<group>";
		};
		7DB1B0DE20A9E8520086CC3A /* LaunchScreen.storyboard */ = {
			isa = PBXVariantGroup;
			children = (
				7DB1B0DF20A9E8520086CC3A /* Base */,
			);
			name = LaunchScreen.storyboard;
			sourceTree = "<group>";
		};
		9DB8396B20AA1E540035C0C0 /* BankDetailVC.storyboard */ = {
			isa = PBXVariantGroup;
			children = (
				9DB8396C20AA1E540035C0C0 /* Base */,
			);
			name = BankDetailVC.storyboard;
			sourceTree = "<group>";
		};
/* End PBXVariantGroup section */

/* Begin XCBuildConfiguration section */
		7DB1B0E220A9E8520086CC3A /* Debug */ = {
			isa = XCBuildConfiguration;
			buildSettings = {
				ALWAYS_SEARCH_USER_PATHS = NO;
				CLANG_ANALYZER_NONNULL = YES;
				CLANG_ANALYZER_NUMBER_OBJECT_CONVERSION = YES_AGGRESSIVE;
				CLANG_CXX_LANGUAGE_STANDARD = "gnu++14";
				CLANG_CXX_LIBRARY = "libc++";
				CLANG_ENABLE_MODULES = YES;
				CLANG_ENABLE_OBJC_ARC = YES;
				CLANG_ENABLE_OBJC_WEAK = YES;
				CLANG_WARN_BLOCK_CAPTURE_AUTORELEASING = YES;
				CLANG_WARN_BOOL_CONVERSION = YES;
				CLANG_WARN_COMMA = YES;
				CLANG_WARN_CONSTANT_CONVERSION = YES;
				CLANG_WARN_DEPRECATED_OBJC_IMPLEMENTATIONS = YES;
				CLANG_WARN_DIRECT_OBJC_ISA_USAGE = YES_ERROR;
				CLANG_WARN_DOCUMENTATION_COMMENTS = YES;
				CLANG_WARN_EMPTY_BODY = YES;
				CLANG_WARN_ENUM_CONVERSION = YES;
				CLANG_WARN_INFINITE_RECURSION = YES;
				CLANG_WARN_INT_CONVERSION = YES;
				CLANG_WARN_NON_LITERAL_NULL_CONVERSION = YES;
				CLANG_WARN_OBJC_IMPLICIT_RETAIN_SELF = YES;
				CLANG_WARN_OBJC_LITERAL_CONVERSION = YES;
				CLANG_WARN_OBJC_ROOT_CLASS = YES_ERROR;
				CLANG_WARN_RANGE_LOOP_ANALYSIS = YES;
				CLANG_WARN_STRICT_PROTOTYPES = YES;
				CLANG_WARN_SUSPICIOUS_MOVE = YES;
				CLANG_WARN_UNGUARDED_AVAILABILITY = YES_AGGRESSIVE;
				CLANG_WARN_UNREACHABLE_CODE = YES;
				CLANG_WARN__DUPLICATE_METHOD_MATCH = YES;
				CODE_SIGN_IDENTITY = "iPhone Developer";
				COPY_PHASE_STRIP = NO;
				DEBUG_INFORMATION_FORMAT = dwarf;
				ENABLE_STRICT_OBJC_MSGSEND = YES;
				ENABLE_TESTABILITY = YES;
				GCC_C_LANGUAGE_STANDARD = gnu11;
				GCC_DYNAMIC_NO_PIC = NO;
				GCC_NO_COMMON_BLOCKS = YES;
				GCC_OPTIMIZATION_LEVEL = 0;
				GCC_PREPROCESSOR_DEFINITIONS = (
					"DEBUG=1",
					"$(inherited)",
				);
				GCC_WARN_64_TO_32_BIT_CONVERSION = YES;
				GCC_WARN_ABOUT_RETURN_TYPE = YES_ERROR;
				GCC_WARN_UNDECLARED_SELECTOR = YES;
				GCC_WARN_UNINITIALIZED_AUTOS = YES_AGGRESSIVE;
				GCC_WARN_UNUSED_FUNCTION = YES;
				GCC_WARN_UNUSED_VARIABLE = YES;
				IPHONEOS_DEPLOYMENT_TARGET = 11.3;
				MTL_ENABLE_DEBUG_INFO = YES;
				ONLY_ACTIVE_ARCH = YES;
				SDKROOT = iphoneos;
				SWIFT_ACTIVE_COMPILATION_CONDITIONS = DEBUG;
				SWIFT_OPTIMIZATION_LEVEL = "-Onone";
			};
			name = Debug;
		};
		7DB1B0E320A9E8520086CC3A /* Release */ = {
			isa = XCBuildConfiguration;
			buildSettings = {
				ALWAYS_SEARCH_USER_PATHS = NO;
				CLANG_ANALYZER_NONNULL = YES;
				CLANG_ANALYZER_NUMBER_OBJECT_CONVERSION = YES_AGGRESSIVE;
				CLANG_CXX_LANGUAGE_STANDARD = "gnu++14";
				CLANG_CXX_LIBRARY = "libc++";
				CLANG_ENABLE_MODULES = YES;
				CLANG_ENABLE_OBJC_ARC = YES;
				CLANG_ENABLE_OBJC_WEAK = YES;
				CLANG_WARN_BLOCK_CAPTURE_AUTORELEASING = YES;
				CLANG_WARN_BOOL_CONVERSION = YES;
				CLANG_WARN_COMMA = YES;
				CLANG_WARN_CONSTANT_CONVERSION = YES;
				CLANG_WARN_DEPRECATED_OBJC_IMPLEMENTATIONS = YES;
				CLANG_WARN_DIRECT_OBJC_ISA_USAGE = YES_ERROR;
				CLANG_WARN_DOCUMENTATION_COMMENTS = YES;
				CLANG_WARN_EMPTY_BODY = YES;
				CLANG_WARN_ENUM_CONVERSION = YES;
				CLANG_WARN_INFINITE_RECURSION = YES;
				CLANG_WARN_INT_CONVERSION = YES;
				CLANG_WARN_NON_LITERAL_NULL_CONVERSION = YES;
				CLANG_WARN_OBJC_IMPLICIT_RETAIN_SELF = YES;
				CLANG_WARN_OBJC_LITERAL_CONVERSION = YES;
				CLANG_WARN_OBJC_ROOT_CLASS = YES_ERROR;
				CLANG_WARN_RANGE_LOOP_ANALYSIS = YES;
				CLANG_WARN_STRICT_PROTOTYPES = YES;
				CLANG_WARN_SUSPICIOUS_MOVE = YES;
				CLANG_WARN_UNGUARDED_AVAILABILITY = YES_AGGRESSIVE;
				CLANG_WARN_UNREACHABLE_CODE = YES;
				CLANG_WARN__DUPLICATE_METHOD_MATCH = YES;
				CODE_SIGN_IDENTITY = "iPhone Developer";
				COPY_PHASE_STRIP = NO;
				DEBUG_INFORMATION_FORMAT = "dwarf-with-dsym";
				ENABLE_NS_ASSERTIONS = NO;
				ENABLE_STRICT_OBJC_MSGSEND = YES;
				GCC_C_LANGUAGE_STANDARD = gnu11;
				GCC_NO_COMMON_BLOCKS = YES;
				GCC_WARN_64_TO_32_BIT_CONVERSION = YES;
				GCC_WARN_ABOUT_RETURN_TYPE = YES_ERROR;
				GCC_WARN_UNDECLARED_SELECTOR = YES;
				GCC_WARN_UNINITIALIZED_AUTOS = YES_AGGRESSIVE;
				GCC_WARN_UNUSED_FUNCTION = YES;
				GCC_WARN_UNUSED_VARIABLE = YES;
				IPHONEOS_DEPLOYMENT_TARGET = 11.3;
				MTL_ENABLE_DEBUG_INFO = NO;
				SDKROOT = iphoneos;
				SWIFT_COMPILATION_MODE = wholemodule;
				SWIFT_OPTIMIZATION_LEVEL = "-O";
				VALIDATE_PRODUCT = YES;
			};
			name = Release;
		};
		7DB1B0E520A9E8520086CC3A /* Debug */ = {
			isa = XCBuildConfiguration;
			buildSettings = {
				ASSETCATALOG_COMPILER_APPICON_NAME = AppIcon;
				CODE_SIGN_STYLE = Automatic;
				DEVELOPMENT_TEAM = ZMMAGS7MLV;
				INFOPLIST_FILE = "$(SRCROOT)/BoardBuddy/Resources/Info.plist";
				LD_RUNPATH_SEARCH_PATHS = (
					"$(inherited)",
					"@executable_path/Frameworks",
				);
				PRODUCT_BUNDLE_IDENTIFIER = com.FranciscoDiarte.BoardBuddy;
				PRODUCT_NAME = "$(TARGET_NAME)";
				SWIFT_VERSION = 4.0;
				TARGETED_DEVICE_FAMILY = "1,2";
			};
			name = Debug;
		};
		7DB1B0E620A9E8520086CC3A /* Release */ = {
			isa = XCBuildConfiguration;
			buildSettings = {
				ASSETCATALOG_COMPILER_APPICON_NAME = AppIcon;
				CODE_SIGN_STYLE = Automatic;
				DEVELOPMENT_TEAM = ZMMAGS7MLV;
				INFOPLIST_FILE = "$(SRCROOT)/BoardBuddy/Resources/Info.plist";
				LD_RUNPATH_SEARCH_PATHS = (
					"$(inherited)",
					"@executable_path/Frameworks",
				);
				PRODUCT_BUNDLE_IDENTIFIER = com.FranciscoDiarte.BoardBuddy;
				PRODUCT_NAME = "$(TARGET_NAME)";
				SWIFT_VERSION = 4.0;
				TARGETED_DEVICE_FAMILY = "1,2";
			};
			name = Release;
		};
/* End XCBuildConfiguration section */

/* Begin XCConfigurationList section */
		7DB1B0CD20A9E84F0086CC3A /* Build configuration list for PBXProject "BoardBuddy" */ = {
			isa = XCConfigurationList;
			buildConfigurations = (
				7DB1B0E220A9E8520086CC3A /* Debug */,
				7DB1B0E320A9E8520086CC3A /* Release */,
			);
			defaultConfigurationIsVisible = 0;
			defaultConfigurationName = Release;
		};
		7DB1B0E420A9E8520086CC3A /* Build configuration list for PBXNativeTarget "BoardBuddy" */ = {
			isa = XCConfigurationList;
			buildConfigurations = (
				7DB1B0E520A9E8520086CC3A /* Debug */,
				7DB1B0E620A9E8520086CC3A /* Release */,
			);
			defaultConfigurationIsVisible = 0;
			defaultConfigurationName = Release;
		};
/* End XCConfigurationList section */
	};
	rootObject = 7DB1B0CA20A9E84F0086CC3A /* Project object */;
}
